# THIS IS AN AUTOGENERATED FILE. DO NOT EDIT THIS FILE DIRECTLY.
# yarn lockfile v1


create-next-app@^12.1.4:
  version "12.1.4"
  resolved "https://registry.yarnpkg.com/create-next-app/-/create-next-app-12.1.4.tgz#023b2ef486924e1d0a73b4f84fcb2fa31a489ef8"
  integrity sha512-oEYhy1HFiXxzG68KPJ3OvFLtCi0fAvQIQmZ/BfptKsb78ciEmE4YAKtg9b+Ankp6TXDLlaS4VlOzNHQn82kHhQ==
